
Microsoft Visual Studio Solution File, Format Version 12.00
# Visual Studio Version 17
VisualStudioVersion = 17.0.31903.59
MinimumVisualStudioVersion = 10.0.40219.1
Project("{FAE04EC0-301F-11D3-BF4B-00C04F79EFBC}") = "Products", "Products\Products.csproj", "{2A3187D6-35F8-453A-8CDB-F5340007BD85}"
EndProject
Project("{FAE04EC0-301F-11D3-BF4B-00C04F79EFBC}") = "Products.Database", "Products.Database\Products.Database.csproj", "{FA6087E2-78D5-4067-AAFB-E4B784E8847A}"
EndProject
Project("{FAE04EC0-301F-11D3-BF4B-00C04F79EFBC}") = "Products.Domain", "Products.Domain\Products.Domain.csproj", "{83414464-A479-49D4-989B-BB9A1029BCD6}"
EndProject
Project("{FAE04EC0-301F-11D3-BF4B-00C04F79EFBC}") = "Products.Infrastructure", "Products.Infrastructure\Products.Infrastructure.csproj", "{F7AB2DA2-4F72-497D-963A-7344BE818A1F}"
EndProject
Project("{FAE04EC0-301F-11D3-BF4B-00C04F79EFBC}") = "Products.Application", "Products.Application\Products.Application.csproj", "{30820D0E-39A1-4B58-8FE4-034754556CF0}"
EndProject
Project("{FAE04EC0-301F-11D3-BF4B-00C04F79EFBC}") = "Products.Test", "Products.Test\Products.Test.csproj", "{4D896F93-FC92-4323-8ACA-818ED2CD30FE}"
EndProject
Global
	GlobalSection(SolutionConfigurationPlatforms) = preSolution
		Debug|Any CPU = Debug|Any CPU
		Release|Any CPU = Release|Any CPU
	EndGlobalSection
	GlobalSection(ProjectConfigurationPlatforms) = postSolution
		{2A3187D6-35F8-453A-8CDB-F5340007BD85}.Debug|Any CPU.ActiveCfg = Debug|Any CPU
		{2A3187D6-35F8-453A-8CDB-F5340007BD85}.Debug|Any CPU.Build.0 = Debug|Any CPU
		{2A3187D6-35F8-453A-8CDB-F5340007BD85}.Release|Any CPU.ActiveCfg = Release|Any CPU
		{2A3187D6-35F8-453A-8CDB-F5340007BD85}.Release|Any CPU.Build.0 = Release|Any CPU
		{FA6087E2-78D5-4067-AAFB-E4B784E8847A}.Debug|Any CPU.ActiveCfg = Debug|Any CPU
		{FA6087E2-78D5-4067-AAFB-E4B784E8847A}.Debug|Any CPU.Build.0 = Debug|Any CPU
		{FA6087E2-78D5-4067-AAFB-E4B784E8847A}.Release|Any CPU.ActiveCfg = Release|Any CPU
		{FA6087E2-78D5-4067-AAFB-E4B784E8847A}.Release|Any CPU.Build.0 = Release|Any CPU
		{83414464-A479-49D4-989B-BB9A1029BCD6}.Debug|Any CPU.ActiveCfg = Debug|Any CPU
		{83414464-A479-49D4-989B-BB9A1029BCD6}.Debug|Any CPU.Build.0 = Debug|Any CPU
		{83414464-A479-49D4-989B-BB9A1029BCD6}.Release|Any CPU.ActiveCfg = Release|Any CPU
		{83414464-A479-49D4-989B-BB9A1029BCD6}.Release|Any CPU.Build.0 = Release|Any CPU
		{F7AB2DA2-4F72-497D-963A-7344BE818A1F}.Debug|Any CPU.ActiveCfg = Debug|Any CPU
		{F7AB2DA2-4F72-497D-963A-7344BE818A1F}.Debug|Any CPU.Build.0 = Debug|Any CPU
		{F7AB2DA2-4F72-497D-963A-7344BE818A1F}.Release|Any CPU.ActiveCfg = Release|Any CPU
		{F7AB2DA2-4F72-497D-963A-7344BE818A1F}.Release|Any CPU.Build.0 = Release|Any CPU
		{30820D0E-39A1-4B58-8FE4-034754556CF0}.Debug|Any CPU.ActiveCfg = Debug|Any CPU
		{30820D0E-39A1-4B58-8FE4-034754556CF0}.Debug|Any CPU.Build.0 = Debug|Any CPU
		{30820D0E-39A1-4B58-8FE4-034754556CF0}.Release|Any CPU.ActiveCfg = Release|Any CPU
		{30820D0E-39A1-4B58-8FE4-034754556CF0}.Release|Any CPU.Build.0 = Release|Any CPU
		{4D896F93-FC92-4323-8ACA-818ED2CD30FE}.Debug|Any CPU.ActiveCfg = Debug|Any CPU
		{4D896F93-FC92-4323-8ACA-818ED2CD30FE}.Debug|Any CPU.Build.0 = Debug|Any CPU
		{4D896F93-FC92-4323-8ACA-818ED2CD30FE}.Release|Any CPU.ActiveCfg = Release|Any CPU
		{4D896F93-FC92-4323-8ACA-818ED2CD30FE}.Release|Any CPU.Build.0 = Release|Any CPU
	EndGlobalSection
	GlobalSection(SolutionProperties) = preSolution
		HideSolutionNode = FALSE
	EndGlobalSection
EndGlobal
